
Microsoft Visual Studio Solution File, Format Version 12.00
# Visual Studio Version 16
VisualStudioVersion = 16.0.30804.86
MinimumVisualStudioVersion = 10.0.40219.1
Project("{FAE04EC0-301F-11D3-BF4B-00C04F79EFBC}") = "blog.core", "blog.core\blog.core.csproj", "{5B3899FE-3A46-4F58-9578-6654B6469544}"
EndProject
Global
	GlobalSection(SolutionConfigurationPlatforms) = preSolution
		Debug|Any CPU = Debug|Any CPU
		Release|Any CPU = Release|Any CPU
	EndGlobalSection
	GlobalSection(ProjectConfigurationPlatforms) = postSolution
		{5B3899FE-3A46-4F58-9578-6654B6469544}.Debug|Any CPU.ActiveCfg = Debug|Any CPU
		{5B3899FE-3A46-4F58-9578-6654B6469544}.Debug|Any CPU.Build.0 = Debug|Any CPU
		{5B3899FE-3A46-4F58-9578-6654B6469544}.Release|Any CPU.ActiveCfg = Release|Any CPU
		{5B3899FE-3A46-4F58-9578-6654B6469544}.Release|Any CPU.Build.0 = Release|Any CPU
	EndGlobalSection
	GlobalSection(SolutionProperties) = preSolution
		HideSolutionNode = FALSE
	EndGlobalSection
	GlobalSection(ExtensibilityGlobals) = postSolution
		SolutionGuid = {928168E4-A80C-4256-BF97-BE5A4AADE3D8}
	EndGlobalSection
EndGlobal
